// !$*UTF8*$!
{
	archiveVersion = 1;
	classes = {
	};
	objectVersion = 46;
	objects = {

/* Begin PBXBuildFile section */
		DDB52EF81E71CC23007CECA6 /* AppDelegate.swift in Sources */ = {isa = PBXBuildFile; fileRef = DDB52EF71E71CC23007CECA6 /* AppDelegate.swift */; };
		DDB52EFA1E71CC23007CECA6 /* ViewController.swift in Sources */ = {isa = PBXBuildFile; fileRef = DDB52EF91E71CC23007CECA6 /* ViewController.swift */; };
		DDB52EFD1E71CC23007CECA6 /* Main.storyboard in Resources */ = {isa = PBXBuildFile; fileRef = DDB52EFB1E71CC23007CECA6 /* Main.storyboard */; };
		DDB52EFF1E71CC23007CECA6 /* Assets.xcassets in Resources */ = {isa = PBXBuildFile; fileRef = DDB52EFE1E71CC23007CECA6 /* Assets.xcassets */; };
		DDB52F021E71CC23007CECA6 /* LaunchScreen.storyboard in Resources */ = {isa = PBXBuildFile; fileRef = DDB52F001E71CC23007CECA6 /* LaunchScreen.storyboard */; };
/* End PBXBuildFile section */

/* Begin PBXFileReference section */
		DDB52EF41E71CC23007CECA6 /* Stock And  Detail Swift.app */ = {isa = PBXFileReference; explicitFileType = wrapper.application; includeInIndex = 0; path = "Stock And  Detail Swift.app"; sourceTree = BUILT_PRODUCTS_DIR; };
		DDB52EF71E71CC23007CECA6 /* AppDelegate.swift */ = {isa = PBXFileReference; lastKnownFileType = sourcecode.swift; path = AppDelegate.swift; sourceTree = "<group>"; };
		DDB52EF91E71CC23007CECA6 /* ViewController.swift */ = {isa = PBXFileReference; lastKnownFileType = sourcecode.swift; path = ViewController.swift; sourceTree = "<group>"; };
		DDB52EFC1E71CC23007CECA6 /* Base */ = {isa = PBXFileReference; lastKnownFileType = file.storyboard; name = Base; path = Base.lproj/Main.storyboard; sourceTree = "<group>"; };
		DDB52EFE1E71CC23007CECA6 /* Assets.xcassets */ = {isa = PBXFileReference; lastKnownFileType = folder.assetcatalog; path = Assets.xcassets; sourceTree = "<group>"; };
		DDB52F011E71CC23007CECA6 /* Base */ = {isa = PBXFileReference; lastKnownFileType = file.storyboard; name = Base; path = Base.lproj/LaunchScreen.storyboard; sourceTree = "<group>"; };
		DDB52F031E71CC23007CECA6 /* Info.plist */ = {isa = PBXFileReference; lastKnownFileType = text.plist.xml; path = Info.plist; sourceTree = "<group>"; };
/* End PBXFileReference section */

/* Begin PBXFrameworksBuildPhase section */
		DDB52EF11E71CC23007CECA6 /* Frameworks */ = {
			isa = PBXFrameworksBuildPhase;
			buildActionMask = 2147483647;
			files = (
			);
			runOnlyForDeploymentPostprocessing = 0;
		};
/* End PBXFrameworksBuildPhase section */

/* Begin PBXGroup section */
		DDB52EEB1E71CC23007CECA6 = {
			isa = PBXGroup;
			children = (
				DDB52EF61E71CC23007CECA6 /* Stock And  Detail Swift */,
				DDB52EF51E71CC23007CECA6 /* Products */,
			);
			sourceTree = "<group>";
		};
		DDB52EF51E71CC23007CECA6 /* Products */ = {
			isa = PBXGroup;
			children = (
				DDB52EF41E71CC23007CECA6 /* Stock And  Detail Swift.app */,
			);
			name = Products;
			sourceTree = "<group>";
		};
		DDB52EF61E71CC23007CECA6 /* Stock And  Detail Swift */ = {
			isa = PBXGroup;
			children = (
				DDB52EF71E71CC23007CECA6 /* AppDelegate.swift */,
				DDB52EF91E71CC23007CECA6 /* ViewController.swift */,
				DDB52EFB1E71CC23007CECA6 /* Main.storyboard */,
				DDB52EFE1E71CC23007CECA6 /* Assets.xcassets */,
				DDB52F001E71CC23007CECA6 /* LaunchScreen.storyboard */,
				DDB52F031E71CC23007CECA6 /* Info.plist */,
			);
			path = "Stock And  Detail Swift";
			sourceTree = "<group>";
		};
/* End PBXGroup section */

/* Begin PBXNativeTarget section */
		DDB52EF31E71CC23007CECA6 /* Stock And  Detail Swift */ = {
			isa = PBXNativeTarget;
			buildConfigurationList = DDB52F061E71CC23007CECA6 /* Build configuration list for PBXNativeTarget "Stock And  Detail Swift" */;
			buildPhases = (
				DDB52EF01E71CC23007CECA6 /* Sources */,
				DDB52EF11E71CC23007CECA6 /* Frameworks */,
				DDB52EF21E71CC23007CECA6 /* Resources */,
			);
			buildRules = (
			);
			dependencies = (
			);
			name = "Stock And  Detail Swift";
			productName = "Stock And  Detail Swift";
			productReference = DDB52EF41E71CC23007CECA6 /* Stock And  Detail Swift.app */;
			productType = "com.apple.product-type.application";
		};
/* End PBXNativeTarget section */

/* Begin PBXProject section */
		DDB52EEC1E71CC23007CECA6 /* Project object */ = {
			isa = PBXProject;
			attributes = {
				LastSwiftUpdateCheck = 0810;
				LastUpgradeCheck = 0810;
				ORGANIZATIONNAME = Klas;
				TargetAttributes = {
					DDB52EF31E71CC23007CECA6 = {
						CreatedOnToolsVersion = 8.1;
						ProvisioningStyle = Automatic;
					};
				};
			};
			buildConfigurationList = DDB52EEF1E71CC23007CECA6 /* Build configuration list for PBXProject "Stock And  Detail Swift" */;
			compatibilityVersion = "Xcode 3.2";
			developmentRegion = English;
			hasScannedForEncodings = 0;
			knownRegions = (
				en,
				Base,
			);
			mainGroup = DDB52EEB1E71CC23007CECA6;
			productRefGroup = DDB52EF51E71CC23007CECA6 /* Products */;
			projectDirPath = "";
			projectRoot = "";
			targets = (
				DDB52EF31E71CC23007CECA6 /* Stock And  Detail Swift */,
			);
		};
/* End PBXProject section */

/* Begin PBXResourcesBuildPhase section */
		DDB52EF21E71CC23007CECA6 /* Resources */ = {
			isa = PBXResourcesBuildPhase;
			buildActionMask = 2147483647;
			files = (
				DDB52F021E71CC23007CECA6 /* LaunchScreen.storyboard in Resources */,
				DDB52EFF1E71CC23007CECA6 /* Assets.xcassets in Resources */,
				DDB52EFD1E71CC23007CECA6 /* Main.storyboard in Resources */,
			);
			runOnlyForDeploymentPostprocessing = 0;
		};
/* End PBXResourcesBuildPhase section */

/* Begin PBXSourcesBuildPhase section */
		DDB52EF01E71CC23007CECA6 /* Sources */ = {
			isa = PBXSourcesBuildPhase;
			buildActionMask = 2147483647;
			files = (
				DDB52EFA1E71CC23007CECA6 /* ViewController.swift in Sources */,
				DDB52EF81E71CC23007CECA6 /* AppDelegate.swift in Sources */,
			);
			runOnlyForDeploymentPostprocessing = 0;
		};
/* End PBXSourcesBuildPhase section */

/* Begin PBXVariantGroup section */
		DDB52EFB1E71CC23007CECA6 /* Main.storyboard */ = {
			isa = PBXVariantGroup;
			children = (
				DDB52EFC1E71CC23007CECA6 /* Base */,
			);
			name = Main.storyboard;
			sourceTree = "<group>";
		};
		DDB52F001E71CC23007CECA6 /* LaunchScreen.storyboard */ = {
			isa = PBXVariantGroup;
			children = (
				DDB52F011E71CC23007CECA6 /* Base */,
			);
			name = LaunchScreen.storyboard;
			sourceTree = "<group>";
		};
/* End PBXVariantGroup section */

/* Begin XCBuildConfiguration section */
		DDB52F041E71CC23007CECA6 /* Debug */ = {
			isa = XCBuildConfiguration;
			buildSettings = {
				ALWAYS_SEARCH_USER_PATHS = NO;
				CLANG_ANALYZER_NONNULL = YES;
				CLANG_CXX_LANGUAGE_STANDARD = "gnu++0x";
				CLANG_CXX_LIBRARY = "libc++";
				CLANG_ENABLE_MODULES = YES;
				CLANG_ENABLE_OBJC_ARC = YES;
				CLANG_WARN_BOOL_CONVERSION = YES;
				CLANG_WARN_CONSTANT_CONVERSION = YES;
				CLANG_WARN_DIRECT_OBJC_ISA_USAGE = YES_ERROR;
				CLANG_WARN_DOCUMENTATION_COMMENTS = YES;
				CLANG_WARN_EMPTY_BODY = YES;
				CLANG_WARN_ENUM_CONVERSION = YES;
				CLANG_WARN_INFINITE_RECURSION = YES;
				CLANG_WARN_INT_CONVERSION = YES;
				CLANG_WARN_OBJC_ROOT_CLASS = YES_ERROR;
				CLANG_WARN_SUSPICIOUS_MOVES = YES;
				CLANG_WARN_UNREACHABLE_CODE = YES;
				CLANG_WARN__DUPLICATE_METHOD_MATCH = YES;
				"CODE_SIGN_IDENTITY[sdk=iphoneos*]" = "iPhone Developer";
				COPY_PHASE_STRIP = NO;
				DEBUG_INFORMATION_FORMAT = dwarf;
				ENABLE_STRICT_OBJC_MSGSEND = YES;
				ENABLE_TESTABILITY = YES;
				GCC_C_LANGUAGE_STANDARD = gnu99;
				GCC_DYNAMIC_NO_PIC = NO;
				GCC_NO_COMMON_BLOCKS = YES;
				GCC_OPTIMIZATION_LEVEL = 0;
				GCC_PREPROCESSOR_DEFINITIONS = (
					"DEBUG=1",
					"$(inherited)",
				);
				GCC_WARN_64_TO_32_BIT_CONVERSION = YES;
				GCC_WARN_ABOUT_RETURN_TYPE = YES_ERROR;
				GCC_WARN_UNDECLARED_SELECTOR = YES;
				GCC_WARN_UNINITIALIZED_AUTOS = YES_AGGRESSIVE;
				GCC_WARN_UNUSED_FUNCTION = YES;
				GCC_WARN_UNUSED_VARIABLE = YES;
				IPHONEOS_DEPLOYMENT_TARGET = 10.1;
				MTL_ENABLE_DEBUG_INFO = YES;
				ONLY_ACTIVE_ARCH = YES;
				SDKROOT = iphoneos;
				SWIFT_ACTIVE_COMPILATION_CONDITIONS = DEBUG;
				SWIFT_OPTIMIZATION_LEVEL = "-Onone";
				TARGETED_DEVICE_FAMILY = "1,2";
			};
			name = Debug;
		};
		DDB52F051E71CC23007CECA6 /* Release */ = {
			isa = XCBuildConfiguration;
			buildSettings = {
				ALWAYS_SEARCH_USER_PATHS = NO;
				CLANG_ANALYZER_NONNULL = YES;
				CLANG_CXX_LANGUAGE_STANDARD = "gnu++0x";
				CLANG_CXX_LIBRARY = "libc++";
				CLANG_ENABLE_MODULES = YES;
				CLANG_ENABLE_OBJC_ARC = YES;
				CLANG_WARN_BOOL_CONVERSION = YES;
				CLANG_WARN_CONSTANT_CONVERSION = YES;
				CLANG_WARN_DIRECT_OBJC_ISA_USAGE = YES_ERROR;
				CLANG_WARN_DOCUMENTATION_COMMENTS = YES;
				CLANG_WARN_EMPTY_BODY = YES;
				CLANG_WARN_ENUM_CONVERSION = YES;
				CLANG_WARN_INFINITE_RECURSION = YES;
				CLANG_WARN_INT_CONVERSION = YES;
				CLANG_WARN_OBJC_ROOT_CLASS = YES_ERROR;
				CLANG_WARN_SUSPICIOUS_MOVES = YES;
				CLANG_WARN_UNREACHABLE_CODE = YES;
				CLANG_WARN__DUPLICATE_METHOD_MATCH = YES;
				"CODE_SIGN_IDENTITY[sdk=iphoneos*]" = "iPhone Developer";
				COPY_PHASE_STRIP = NO;
				DEBUG_INFORMATION_FORMAT = "dwarf-with-dsym";
				ENABLE_NS_ASSERTIONS = NO;
				ENABLE_STRICT_OBJC_MSGSEND = YES;
				GCC_C_LANGUAGE_STANDARD = gnu99;
				GCC_NO_COMMON_BLOCKS = YES;
				GCC_WARN_64_TO_32_BIT_CONVERSION = YES;
				GCC_WARN_ABOUT_RETURN_TYPE = YES_ERROR;
				GCC_WARN_UNDECLARED_SELECTOR = YES;
				GCC_WARN_UNINITIALIZED_AUTOS = YES_AGGRESSIVE;
				GCC_WARN_UNUSED_FUNCTION = YES;
				GCC_WARN_UNUSED_VARIABLE = YES;
				IPHONEOS_DEPLOYMENT_TARGET = 10.1;
				MTL_ENABLE_DEBUG_INFO = NO;
				SDKROOT = iphoneos;
				SWIFT_OPTIMIZATION_LEVEL = "-Owholemodule";
				TARGETED_DEVICE_FAMILY = "1,2";
				VALIDATE_PRODUCT = YES;
			};
			name = Release;
		};
		DDB52F071E71CC23007CECA6 /* Debug */ = {
			isa = XCBuildConfiguration;
			buildSettings = {
				ASSETCATALOG_COMPILER_APPICON_NAME = AppIcon;
				INFOPLIST_FILE = "Stock And  Detail Swift/Info.plist";
				LD_RUNPATH_SEARCH_PATHS = "$(inherited) @executable_path/Frameworks";
				PRODUCT_BUNDLE_IDENTIFIER = "Klas.Stock-And--Detail-Swift";
				PRODUCT_NAME = "$(TARGET_NAME)";
				SWIFT_VERSION = 3.0;
			};
			name = Debug;
		};
		DDB52F081E71CC23007CECA6 /* Release */ = {
			isa = XCBuildConfiguration;
			buildSettings = {
				ASSETCATALOG_COMPILER_APPICON_NAME = AppIcon;
				INFOPLIST_FILE = "Stock And  Detail Swift/Info.plist";
				LD_RUNPATH_SEARCH_PATHS = "$(inherited) @executable_path/Frameworks";
				PRODUCT_BUNDLE_IDENTIFIER = "Klas.Stock-And--Detail-Swift";
				PRODUCT_NAME = "$(TARGET_NAME)";
				SWIFT_VERSION = 3.0;
			};
			name = Release;
		};
/* End XCBuildConfiguration section */

/* Begin XCConfigurationList section */
		DDB52EEF1E71CC23007CECA6 /* Build configuration list for PBXProject "Stock And  Detail Swift" */ = {
			isa = XCConfigurationList;
			buildConfigurations = (
				DDB52F041E71CC23007CECA6 /* Debug */,
				DDB52F051E71CC23007CECA6 /* Release */,
			);
			defaultConfigurationIsVisible = 0;
			defaultConfigurationName = Release;
		};
		DDB52F061E71CC23007CECA6 /* Build configuration list for PBXNativeTarget "Stock And  Detail Swift" */ = {
			isa = XCConfigurationList;
			buildConfigurations = (
				DDB52F071E71CC23007CECA6 /* Debug */,
				DDB52F081E71CC23007CECA6 /* Release */,
			);
			defaultConfigurationIsVisible = 0;
		};
/* End XCConfigurationList section */
	};
	rootObject = DDB52EEC1E71CC23007CECA6 /* Project object */;
}
